
Microsoft Visual Studio Solution File, Format Version 12.00
# Visual Studio Version 17
VisualStudioVersion = 17.4.33110.190
MinimumVisualStudioVersion = 10.0.40219.1
Project("{FAE04EC0-301F-11D3-BF4B-00C04F79EFBC}") = "ConsoleApp1", "ConsoleApp1\ConsoleApp1.csproj", "{69E7007B-8623-486B-9C9B-31861C278E8C}"
EndProject
Project("{FAE04EC0-301F-11D3-BF4B-00C04F79EFBC}") = "TestProject1", "TestProject1\TestProject1.csproj", "{2B6D3BFD-DE38-4ECD-ABCE-CEA3831EA9A0}"
EndProject
Global
	GlobalSection(SolutionConfigurationPlatforms) = preSolution
		Debug|Any CPU = Debug|Any CPU
		Release|Any CPU = Release|Any CPU
	EndGlobalSection
	GlobalSection(ProjectConfigurationPlatforms) = postSolution
		{69E7007B-8623-486B-9C9B-31861C278E8C}.Debug|Any CPU.ActiveCfg = Debug|Any CPU
		{69E7007B-8623-486B-9C9B-31861C278E8C}.Debug|Any CPU.Build.0 = Debug|Any CPU
		{69E7007B-8623-486B-9C9B-31861C278E8C}.Release|Any CPU.ActiveCfg = Release|Any CPU
		{69E7007B-8623-486B-9C9B-31861C278E8C}.Release|Any CPU.Build.0 = Release|Any CPU
		{2B6D3BFD-DE38-4ECD-ABCE-CEA3831EA9A0}.Debug|Any CPU.ActiveCfg = Debug|Any CPU
		{2B6D3BFD-DE38-4ECD-ABCE-CEA3831EA9A0}.Debug|Any CPU.Build.0 = Debug|Any CPU
		{2B6D3BFD-DE38-4ECD-ABCE-CEA3831EA9A0}.Release|Any CPU.ActiveCfg = Release|Any CPU
		{2B6D3BFD-DE38-4ECD-ABCE-CEA3831EA9A0}.Release|Any CPU.Build.0 = Release|Any CPU
	EndGlobalSection
	GlobalSection(SolutionProperties) = preSolution
		HideSolutionNode = FALSE
	EndGlobalSection
	GlobalSection(ExtensibilityGlobals) = postSolution
		SolutionGuid = {F3120F13-BE18-48C2-A055-DACF22C7A348}
	EndGlobalSection
EndGlobal
